
Microsoft Visual Studio Solution File, Format Version 12.00
# Visual Studio 2013
VisualStudioVersion = 12.0.31101.0
MinimumVisualStudioVersion = 10.0.40219.1
Project("{FAE04EC0-301F-11D3-BF4B-00C04F79EFBC}") = "Disertatie", "Disertatie\Disertatie.csproj", "{A165FA68-07D2-4FA7-AA50-C8DECFE49AC3}"
EndProject
Project("{FAE04EC0-301F-11D3-BF4B-00C04F79EFBC}") = "CloudProject", "CloudProject\CloudProject.csproj", "{576F799F-CF8D-4923-9172-8C4926C0D8F4}"
EndProject
Project("{2150E333-8FDC-42A3-9474-1A3956D46DE8}") = ".nuget", ".nuget", "{6A8B00ED-A849-405E-BEE7-25004C26A131}"
	ProjectSection(SolutionItems) = preProject
		.nuget\NuGet.Config = .nuget\NuGet.Config
		.nuget\NuGet.exe = .nuget\NuGet.exe
		.nuget\NuGet.targets = .nuget\NuGet.targets
	EndProjectSection
EndProject
Global
	GlobalSection(SolutionConfigurationPlatforms) = preSolution
		Debug|Any CPU = Debug|Any CPU
		Debug|iPhone = Debug|iPhone
		Debug|iPhoneSimulator = Debug|iPhoneSimulator
		ProjectPlan365|Any CPU = ProjectPlan365|Any CPU
		ProjectPlan365|iPhone = ProjectPlan365|iPhone
		ProjectPlan365|iPhoneSimulator = ProjectPlan365|iPhoneSimulator
		ProjectViewer365|Any CPU = ProjectViewer365|Any CPU
		ProjectViewer365|iPhone = ProjectViewer365|iPhone
		ProjectViewer365|iPhoneSimulator = ProjectViewer365|iPhoneSimulator
		Release|Any CPU = Release|Any CPU
		Release|iPhone = Release|iPhone
		Release|iPhoneSimulator = Release|iPhoneSimulator
	EndGlobalSection
	GlobalSection(ProjectConfigurationPlatforms) = postSolution
		{A165FA68-07D2-4FA7-AA50-C8DECFE49AC3}.Debug|Any CPU.ActiveCfg = Debug|Any CPU
		{A165FA68-07D2-4FA7-AA50-C8DECFE49AC3}.Debug|Any CPU.Build.0 = Debug|Any CPU
		{A165FA68-07D2-4FA7-AA50-C8DECFE49AC3}.Debug|iPhone.ActiveCfg = Debug|Any CPU
		{A165FA68-07D2-4FA7-AA50-C8DECFE49AC3}.Debug|iPhoneSimulator.ActiveCfg = Debug|Any CPU
		{A165FA68-07D2-4FA7-AA50-C8DECFE49AC3}.ProjectPlan365|Any CPU.ActiveCfg = Release|Any CPU
		{A165FA68-07D2-4FA7-AA50-C8DECFE49AC3}.ProjectPlan365|Any CPU.Build.0 = Release|Any CPU
		{A165FA68-07D2-4FA7-AA50-C8DECFE49AC3}.ProjectPlan365|iPhone.ActiveCfg = Release|Any CPU
		{A165FA68-07D2-4FA7-AA50-C8DECFE49AC3}.ProjectPlan365|iPhoneSimulator.ActiveCfg = Release|Any CPU
		{A165FA68-07D2-4FA7-AA50-C8DECFE49AC3}.ProjectViewer365|Any CPU.ActiveCfg = Release|Any CPU
		{A165FA68-07D2-4FA7-AA50-C8DECFE49AC3}.ProjectViewer365|Any CPU.Build.0 = Release|Any CPU
		{A165FA68-07D2-4FA7-AA50-C8DECFE49AC3}.ProjectViewer365|iPhone.ActiveCfg = Release|Any CPU
		{A165FA68-07D2-4FA7-AA50-C8DECFE49AC3}.ProjectViewer365|iPhoneSimulator.ActiveCfg = Release|Any CPU
		{A165FA68-07D2-4FA7-AA50-C8DECFE49AC3}.Release|Any CPU.ActiveCfg = Release|Any CPU
		{A165FA68-07D2-4FA7-AA50-C8DECFE49AC3}.Release|Any CPU.Build.0 = Release|Any CPU
		{A165FA68-07D2-4FA7-AA50-C8DECFE49AC3}.Release|iPhone.ActiveCfg = Release|Any CPU
		{A165FA68-07D2-4FA7-AA50-C8DECFE49AC3}.Release|iPhoneSimulator.ActiveCfg = Release|Any CPU
		{576F799F-CF8D-4923-9172-8C4926C0D8F4}.Debug|Any CPU.ActiveCfg = ProjectViewer365|Any CPU
		{576F799F-CF8D-4923-9172-8C4926C0D8F4}.Debug|Any CPU.Build.0 = ProjectViewer365|Any CPU
		{576F799F-CF8D-4923-9172-8C4926C0D8F4}.Debug|iPhone.ActiveCfg = ProjectViewer365|iPhone
		{576F799F-CF8D-4923-9172-8C4926C0D8F4}.Debug|iPhone.Build.0 = ProjectViewer365|iPhone
		{576F799F-CF8D-4923-9172-8C4926C0D8F4}.Debug|iPhoneSimulator.ActiveCfg = ProjectViewer365|iPhoneSimulator
		{576F799F-CF8D-4923-9172-8C4926C0D8F4}.Debug|iPhoneSimulator.Build.0 = ProjectViewer365|iPhoneSimulator
		{576F799F-CF8D-4923-9172-8C4926C0D8F4}.ProjectPlan365|Any CPU.ActiveCfg = ProjectPlan365|Any CPU
		{576F799F-CF8D-4923-9172-8C4926C0D8F4}.ProjectPlan365|Any CPU.Build.0 = ProjectPlan365|Any CPU
		{576F799F-CF8D-4923-9172-8C4926C0D8F4}.ProjectPlan365|iPhone.ActiveCfg = ProjectPlan365|iPhone
		{576F799F-CF8D-4923-9172-8C4926C0D8F4}.ProjectPlan365|iPhone.Build.0 = ProjectPlan365|iPhone
		{576F799F-CF8D-4923-9172-8C4926C0D8F4}.ProjectPlan365|iPhoneSimulator.ActiveCfg = ProjectPlan365|iPhoneSimulator
		{576F799F-CF8D-4923-9172-8C4926C0D8F4}.ProjectPlan365|iPhoneSimulator.Build.0 = ProjectPlan365|iPhoneSimulator
		{576F799F-CF8D-4923-9172-8C4926C0D8F4}.ProjectViewer365|Any CPU.ActiveCfg = ProjectViewer365|Any CPU
		{576F799F-CF8D-4923-9172-8C4926C0D8F4}.ProjectViewer365|Any CPU.Build.0 = ProjectViewer365|Any CPU
		{576F799F-CF8D-4923-9172-8C4926C0D8F4}.ProjectViewer365|iPhone.ActiveCfg = ProjectViewer365|iPhone
		{576F799F-CF8D-4923-9172-8C4926C0D8F4}.ProjectViewer365|iPhone.Build.0 = ProjectViewer365|iPhone
		{576F799F-CF8D-4923-9172-8C4926C0D8F4}.ProjectViewer365|iPhoneSimulator.ActiveCfg = ProjectViewer365|iPhoneSimulator
		{576F799F-CF8D-4923-9172-8C4926C0D8F4}.ProjectViewer365|iPhoneSimulator.Build.0 = ProjectViewer365|iPhoneSimulator
		{576F799F-CF8D-4923-9172-8C4926C0D8F4}.Release|Any CPU.ActiveCfg = ProjectViewer365|Any CPU
		{576F799F-CF8D-4923-9172-8C4926C0D8F4}.Release|Any CPU.Build.0 = ProjectViewer365|Any CPU
		{576F799F-CF8D-4923-9172-8C4926C0D8F4}.Release|iPhone.ActiveCfg = ProjectViewer365|iPhone
		{576F799F-CF8D-4923-9172-8C4926C0D8F4}.Release|iPhone.Build.0 = ProjectViewer365|iPhone
		{576F799F-CF8D-4923-9172-8C4926C0D8F4}.Release|iPhoneSimulator.ActiveCfg = ProjectViewer365|iPhoneSimulator
		{576F799F-CF8D-4923-9172-8C4926C0D8F4}.Release|iPhoneSimulator.Build.0 = ProjectViewer365|iPhoneSimulator
	EndGlobalSection
	GlobalSection(SolutionProperties) = preSolution
		HideSolutionNode = FALSE
	EndGlobalSection
EndGlobal
